
Microsoft Visual Studio Solution File, Format Version 12.00
# Visual Studio Version 17
VisualStudioVersion = 17.9.34616.47
MinimumVisualStudioVersion = 10.0.40219.1
Project("{FAE04EC0-301F-11D3-BF4B-00C04F79EFBC}") = "WS-servidor", "WebSocket-servidor\WS-servidor.csproj", "{40EA8B76-5A47-4B77-AE88-971F13DC42FF}"
EndProject
Global
	GlobalSection(SolutionConfigurationPlatforms) = preSolution
		Debug|Any CPU = Debug|Any CPU
		Release|Any CPU = Release|Any CPU
	EndGlobalSection
	GlobalSection(ProjectConfigurationPlatforms) = postSolution
		{40EA8B76-5A47-4B77-AE88-971F13DC42FF}.Debug|Any CPU.ActiveCfg = Debug|Any CPU
		{40EA8B76-5A47-4B77-AE88-971F13DC42FF}.Debug|Any CPU.Build.0 = Debug|Any CPU
		{40EA8B76-5A47-4B77-AE88-971F13DC42FF}.Release|Any CPU.ActiveCfg = Release|Any CPU
		{40EA8B76-5A47-4B77-AE88-971F13DC42FF}.Release|Any CPU.Build.0 = Release|Any CPU
	EndGlobalSection
	GlobalSection(SolutionProperties) = preSolution
		HideSolutionNode = FALSE
	EndGlobalSection
	GlobalSection(ExtensibilityGlobals) = postSolution
		SolutionGuid = {1268BFD3-AB1F-4999-B6D9-FD43DE5DFFB2}
	EndGlobalSection
EndGlobal
